// !$*UTF8*$!
{
	archiveVersion = 1;
	classes = {
	};
	objectVersion = 50;
	objects = {

/* Begin PBXBuildFile section */
		4070041826B3114500F8ADAC /* CitySightsApp.swift in Sources */ = {isa = PBXBuildFile; fileRef = 4070041726B3114500F8ADAC /* CitySightsApp.swift */; };
		4070041A26B3114500F8ADAC /* LaunchView.swift in Sources */ = {isa = PBXBuildFile; fileRef = 4070041926B3114500F8ADAC /* LaunchView.swift */; };
		4070041C26B3115200F8ADAC /* Assets.xcassets in Resources */ = {isa = PBXBuildFile; fileRef = 4070041B26B3115200F8ADAC /* Assets.xcassets */; };
		4070041F26B3115200F8ADAC /* Preview Assets.xcassets in Resources */ = {isa = PBXBuildFile; fileRef = 4070041E26B3115200F8ADAC /* Preview Assets.xcassets */; };
		4070042E26B3131100F8ADAC /* ContentModel.swift in Sources */ = {isa = PBXBuildFile; fileRef = 4070042D26B3131100F8ADAC /* ContentModel.swift */; };
		4070043126B4421C00F8ADAC /* Business.swift in Sources */ = {isa = PBXBuildFile; fileRef = 4070043026B4421C00F8ADAC /* Business.swift */; };
		4070043426B443EB00F8ADAC /* BusinessSearch.swift in Sources */ = {isa = PBXBuildFile; fileRef = 4070043326B443EB00F8ADAC /* BusinessSearch.swift */; };
		4070043826B4463F00F8ADAC /* Constants.swift in Sources */ = {isa = PBXBuildFile; fileRef = 4070043726B4463F00F8ADAC /* Constants.swift */; };
		4070043F26B4533B00F8ADAC /* HomeView.swift in Sources */ = {isa = PBXBuildFile; fileRef = 4070043E26B4533B00F8ADAC /* HomeView.swift */; };
		4070044326B4564C00F8ADAC /* BusinessList.swift in Sources */ = {isa = PBXBuildFile; fileRef = 4070044226B4564C00F8ADAC /* BusinessList.swift */; };
		4070044726B4584300F8ADAC /* BusinessSectionHeader.swift in Sources */ = {isa = PBXBuildFile; fileRef = 4070044626B4584300F8ADAC /* BusinessSectionHeader.swift */; };
		4070044A26B458E100F8ADAC /* BusinessSection.swift in Sources */ = {isa = PBXBuildFile; fileRef = 4070044926B458E100F8ADAC /* BusinessSection.swift */; };
		4070044D26B4694700F8ADAC /* BusinessRow.swift in Sources */ = {isa = PBXBuildFile; fileRef = 4070044C26B4694700F8ADAC /* BusinessRow.swift */; };
/* End PBXBuildFile section */

/* Begin PBXFileReference section */
		4070041426B3114500F8ADAC /* CitySightsApp.app */ = {isa = PBXFileReference; explicitFileType = wrapper.application; includeInIndex = 0; path = CitySightsApp.app; sourceTree = BUILT_PRODUCTS_DIR; };
		4070041726B3114500F8ADAC /* CitySightsApp.swift */ = {isa = PBXFileReference; lastKnownFileType = sourcecode.swift; path = CitySightsApp.swift; sourceTree = "<group>"; };
		4070041926B3114500F8ADAC /* LaunchView.swift */ = {isa = PBXFileReference; lastKnownFileType = sourcecode.swift; path = LaunchView.swift; sourceTree = "<group>"; };
		4070041B26B3115200F8ADAC /* Assets.xcassets */ = {isa = PBXFileReference; lastKnownFileType = folder.assetcatalog; path = Assets.xcassets; sourceTree = "<group>"; };
		4070041E26B3115200F8ADAC /* Preview Assets.xcassets */ = {isa = PBXFileReference; lastKnownFileType = folder.assetcatalog; path = "Preview Assets.xcassets"; sourceTree = "<group>"; };
		4070042026B3115200F8ADAC /* Info.plist */ = {isa = PBXFileReference; lastKnownFileType = text.plist.xml; path = Info.plist; sourceTree = "<group>"; };
		4070042D26B3131100F8ADAC /* ContentModel.swift */ = {isa = PBXFileReference; lastKnownFileType = sourcecode.swift; path = ContentModel.swift; sourceTree = "<group>"; };
		4070043026B4421C00F8ADAC /* Business.swift */ = {isa = PBXFileReference; lastKnownFileType = sourcecode.swift; path = Business.swift; sourceTree = "<group>"; };
		4070043326B443EB00F8ADAC /* BusinessSearch.swift */ = {isa = PBXFileReference; lastKnownFileType = sourcecode.swift; path = BusinessSearch.swift; sourceTree = "<group>"; };
		4070043726B4463F00F8ADAC /* Constants.swift */ = {isa = PBXFileReference; lastKnownFileType = sourcecode.swift; path = Constants.swift; sourceTree = "<group>"; };
		4070043E26B4533B00F8ADAC /* HomeView.swift */ = {isa = PBXFileReference; lastKnownFileType = sourcecode.swift; path = HomeView.swift; sourceTree = "<group>"; };
		4070044226B4564C00F8ADAC /* BusinessList.swift */ = {isa = PBXFileReference; lastKnownFileType = sourcecode.swift; path = BusinessList.swift; sourceTree = "<group>"; };
		4070044626B4584300F8ADAC /* BusinessSectionHeader.swift */ = {isa = PBXFileReference; lastKnownFileType = sourcecode.swift; path = BusinessSectionHeader.swift; sourceTree = "<group>"; };
		4070044926B458E100F8ADAC /* BusinessSection.swift */ = {isa = PBXFileReference; lastKnownFileType = sourcecode.swift; path = BusinessSection.swift; sourceTree = "<group>"; };
		4070044C26B4694700F8ADAC /* BusinessRow.swift */ = {isa = PBXFileReference; lastKnownFileType = sourcecode.swift; path = BusinessRow.swift; sourceTree = "<group>"; };
/* End PBXFileReference section */

/* Begin PBXFrameworksBuildPhase section */
		4070041126B3114500F8ADAC /* Frameworks */ = {
			isa = PBXFrameworksBuildPhase;
			buildActionMask = 2147483647;
			files = (
			);
			runOnlyForDeploymentPostprocessing = 0;
		};
/* End PBXFrameworksBuildPhase section */

/* Begin PBXGroup section */
		4070040B26B3114500F8ADAC = {
			isa = PBXGroup;
			children = (
				4070041626B3114500F8ADAC /* CitySightsApp */,
				4070041526B3114500F8ADAC /* Products */,
			);
			sourceTree = "<group>";
		};
		4070041526B3114500F8ADAC /* Products */ = {
			isa = PBXGroup;
			children = (
				4070041426B3114500F8ADAC /* CitySightsApp.app */,
			);
			name = Products;
			sourceTree = "<group>";
		};
		4070041626B3114500F8ADAC /* CitySightsApp */ = {
			isa = PBXGroup;
			children = (
				4070041726B3114500F8ADAC /* CitySightsApp.swift */,
				4070042726B3118A00F8ADAC /* Models */,
				4070042826B3119500F8ADAC /* Views */,
				4070042926B3119A00F8ADAC /* ViewModels */,
				4070043626B4462D00F8ADAC /* Helpers */,
				4070041B26B3115200F8ADAC /* Assets.xcassets */,
				4070042026B3115200F8ADAC /* Info.plist */,
				4070041D26B3115200F8ADAC /* Preview Content */,
			);
			path = CitySightsApp;
			sourceTree = "<group>";
		};
		4070041D26B3115200F8ADAC /* Preview Content */ = {
			isa = PBXGroup;
			children = (
				4070041E26B3115200F8ADAC /* Preview Assets.xcassets */,
			);
			path = "Preview Content";
			sourceTree = "<group>";
		};
		4070042726B3118A00F8ADAC /* Models */ = {
			isa = PBXGroup;
			children = (
				4070043026B4421C00F8ADAC /* Business.swift */,
				4070043326B443EB00F8ADAC /* BusinessSearch.swift */,
			);
			path = Models;
			sourceTree = "<group>";
		};
		4070042826B3119500F8ADAC /* Views */ = {
			isa = PBXGroup;
			children = (
				4070041926B3114500F8ADAC /* LaunchView.swift */,
				4070043D26B4532C00F8ADAC /* Home */,
				4070043C26B4532600F8ADAC /* Denied */,
				4070043B26B4531E00F8ADAC /* Onboarding */,
			);
			path = Views;
			sourceTree = "<group>";
		};
		4070042926B3119A00F8ADAC /* ViewModels */ = {
			isa = PBXGroup;
			children = (
				4070042D26B3131100F8ADAC /* ContentModel.swift */,
			);
			path = ViewModels;
			sourceTree = "<group>";
		};
		4070043626B4462D00F8ADAC /* Helpers */ = {
			isa = PBXGroup;
			children = (
				4070043726B4463F00F8ADAC /* Constants.swift */,
			);
			path = Helpers;
			sourceTree = "<group>";
		};
		4070043B26B4531E00F8ADAC /* Onboarding */ = {
			isa = PBXGroup;
			children = (
			);
			path = Onboarding;
			sourceTree = "<group>";
		};
		4070043C26B4532600F8ADAC /* Denied */ = {
			isa = PBXGroup;
			children = (
			);
			path = Denied;
			sourceTree = "<group>";
		};
		4070043D26B4532C00F8ADAC /* Home */ = {
			isa = PBXGroup;
			children = (
				4070043E26B4533B00F8ADAC /* HomeView.swift */,
				4070044126B4563D00F8ADAC /* List */,
			);
			path = Home;
			sourceTree = "<group>";
		};
		4070044126B4563D00F8ADAC /* List */ = {
			isa = PBXGroup;
			children = (
				4070044226B4564C00F8ADAC /* BusinessList.swift */,
				4070044626B4584300F8ADAC /* BusinessSectionHeader.swift */,
				4070044926B458E100F8ADAC /* BusinessSection.swift */,
				4070044C26B4694700F8ADAC /* BusinessRow.swift */,
			);
			path = List;
			sourceTree = "<group>";
		};
/* End PBXGroup section */

/* Begin PBXNativeTarget section */
		4070041326B3114500F8ADAC /* CitySightsApp */ = {
			isa = PBXNativeTarget;
			buildConfigurationList = 4070042326B3115200F8ADAC /* Build configuration list for PBXNativeTarget "CitySightsApp" */;
			buildPhases = (
				4070041026B3114500F8ADAC /* Sources */,
				4070041126B3114500F8ADAC /* Frameworks */,
				4070041226B3114500F8ADAC /* Resources */,
			);
			buildRules = (
			);
			dependencies = (
			);
			name = CitySightsApp;
			productName = CitySightsApp;
			productReference = 4070041426B3114500F8ADAC /* CitySightsApp.app */;
			productType = "com.apple.product-type.application";
		};
/* End PBXNativeTarget section */

/* Begin PBXProject section */
		4070040C26B3114500F8ADAC /* Project object */ = {
			isa = PBXProject;
			attributes = {
				LastSwiftUpdateCheck = 1240;
				LastUpgradeCheck = 1240;
				TargetAttributes = {
					4070041326B3114500F8ADAC = {
						CreatedOnToolsVersion = 12.4;
					};
				};
			};
			buildConfigurationList = 4070040F26B3114500F8ADAC /* Build configuration list for PBXProject "CitySightsApp" */;
			compatibilityVersion = "Xcode 9.3";
			developmentRegion = en;
			hasScannedForEncodings = 0;
			knownRegions = (
				en,
				Base,
			);
			mainGroup = 4070040B26B3114500F8ADAC;
			productRefGroup = 4070041526B3114500F8ADAC /* Products */;
			projectDirPath = "";
			projectRoot = "";
			targets = (
				4070041326B3114500F8ADAC /* CitySightsApp */,
			);
		};
/* End PBXProject section */

/* Begin PBXResourcesBuildPhase section */
		4070041226B3114500F8ADAC /* Resources */ = {
			isa = PBXResourcesBuildPhase;
			buildActionMask = 2147483647;
			files = (
				4070041F26B3115200F8ADAC /* Preview Assets.xcassets in Resources */,
				4070041C26B3115200F8ADAC /* Assets.xcassets in Resources */,
			);
			runOnlyForDeploymentPostprocessing = 0;
		};
/* End PBXResourcesBuildPhase section */

/* Begin PBXSourcesBuildPhase section */
		4070041026B3114500F8ADAC /* Sources */ = {
			isa = PBXSourcesBuildPhase;
			buildActionMask = 2147483647;
			files = (
				4070041A26B3114500F8ADAC /* LaunchView.swift in Sources */,
				4070044D26B4694700F8ADAC /* BusinessRow.swift in Sources */,
				4070043F26B4533B00F8ADAC /* HomeView.swift in Sources */,
				4070043126B4421C00F8ADAC /* Business.swift in Sources */,
				4070044726B4584300F8ADAC /* BusinessSectionHeader.swift in Sources */,
				4070041826B3114500F8ADAC /* CitySightsApp.swift in Sources */,
				4070043426B443EB00F8ADAC /* BusinessSearch.swift in Sources */,
				4070044326B4564C00F8ADAC /* BusinessList.swift in Sources */,
				4070044A26B458E100F8ADAC /* BusinessSection.swift in Sources */,
				4070042E26B3131100F8ADAC /* ContentModel.swift in Sources */,
				4070043826B4463F00F8ADAC /* Constants.swift in Sources */,
			);
			runOnlyForDeploymentPostprocessing = 0;
		};
/* End PBXSourcesBuildPhase section */

/* Begin XCBuildConfiguration section */
		4070042126B3115200F8ADAC /* Debug */ = {
			isa = XCBuildConfiguration;
			buildSettings = {
				ALWAYS_SEARCH_USER_PATHS = NO;
				CLANG_ANALYZER_NONNULL = YES;
				CLANG_ANALYZER_NUMBER_OBJECT_CONVERSION = YES_AGGRESSIVE;
				CLANG_CXX_LANGUAGE_STANDARD = "gnu++14";
				CLANG_CXX_LIBRARY = "libc++";
				CLANG_ENABLE_MODULES = YES;
				CLANG_ENABLE_OBJC_ARC = YES;
				CLANG_ENABLE_OBJC_WEAK = YES;
				CLANG_WARN_BLOCK_CAPTURE_AUTORELEASING = YES;
				CLANG_WARN_BOOL_CONVERSION = YES;
				CLANG_WARN_COMMA = YES;
				CLANG_WARN_CONSTANT_CONVERSION = YES;
				CLANG_WARN_DEPRECATED_OBJC_IMPLEMENTATIONS = YES;
				CLANG_WARN_DIRECT_OBJC_ISA_USAGE = YES_ERROR;
				CLANG_WARN_DOCUMENTATION_COMMENTS = YES;
				CLANG_WARN_EMPTY_BODY = YES;
				CLANG_WARN_ENUM_CONVERSION = YES;
				CLANG_WARN_INFINITE_RECURSION = YES;
				CLANG_WARN_INT_CONVERSION = YES;
				CLANG_WARN_NON_LITERAL_NULL_CONVERSION = YES;
				CLANG_WARN_OBJC_IMPLICIT_RETAIN_SELF = YES;
				CLANG_WARN_OBJC_LITERAL_CONVERSION = YES;
				CLANG_WARN_OBJC_ROOT_CLASS = YES_ERROR;
				CLANG_WARN_QUOTED_INCLUDE_IN_FRAMEWORK_HEADER = YES;
				CLANG_WARN_RANGE_LOOP_ANALYSIS = YES;
				CLANG_WARN_STRICT_PROTOTYPES = YES;
				CLANG_WARN_SUSPICIOUS_MOVE = YES;
				CLANG_WARN_UNGUARDED_AVAILABILITY = YES_AGGRESSIVE;
				CLANG_WARN_UNREACHABLE_CODE = YES;
				CLANG_WARN__DUPLICATE_METHOD_MATCH = YES;
				COPY_PHASE_STRIP = NO;
				DEBUG_INFORMATION_FORMAT = dwarf;
				ENABLE_STRICT_OBJC_MSGSEND = YES;
				ENABLE_TESTABILITY = YES;
				GCC_C_LANGUAGE_STANDARD = gnu11;
				GCC_DYNAMIC_NO_PIC = NO;
				GCC_NO_COMMON_BLOCKS = YES;
				GCC_OPTIMIZATION_LEVEL = 0;
				GCC_PREPROCESSOR_DEFINITIONS = (
					"DEBUG=1",
					"$(inherited)",
				);
				GCC_WARN_64_TO_32_BIT_CONVERSION = YES;
				GCC_WARN_ABOUT_RETURN_TYPE = YES_ERROR;
				GCC_WARN_UNDECLARED_SELECTOR = YES;
				GCC_WARN_UNINITIALIZED_AUTOS = YES_AGGRESSIVE;
				GCC_WARN_UNUSED_FUNCTION = YES;
				GCC_WARN_UNUSED_VARIABLE = YES;
				IPHONEOS_DEPLOYMENT_TARGET = 14.4;
				MTL_ENABLE_DEBUG_INFO = INCLUDE_SOURCE;
				MTL_FAST_MATH = YES;
				ONLY_ACTIVE_ARCH = YES;
				SDKROOT = iphoneos;
				SWIFT_ACTIVE_COMPILATION_CONDITIONS = DEBUG;
				SWIFT_OPTIMIZATION_LEVEL = "-Onone";
			};
			name = Debug;
		};
		4070042226B3115200F8ADAC /* Release */ = {
			isa = XCBuildConfiguration;
			buildSettings = {
				ALWAYS_SEARCH_USER_PATHS = NO;
				CLANG_ANALYZER_NONNULL = YES;
				CLANG_ANALYZER_NUMBER_OBJECT_CONVERSION = YES_AGGRESSIVE;
				CLANG_CXX_LANGUAGE_STANDARD = "gnu++14";
				CLANG_CXX_LIBRARY = "libc++";
				CLANG_ENABLE_MODULES = YES;
				CLANG_ENABLE_OBJC_ARC = YES;
				CLANG_ENABLE_OBJC_WEAK = YES;
				CLANG_WARN_BLOCK_CAPTURE_AUTORELEASING = YES;
				CLANG_WARN_BOOL_CONVERSION = YES;
				CLANG_WARN_COMMA = YES;
				CLANG_WARN_CONSTANT_CONVERSION = YES;
				CLANG_WARN_DEPRECATED_OBJC_IMPLEMENTATIONS = YES;
				CLANG_WARN_DIRECT_OBJC_ISA_USAGE = YES_ERROR;
				CLANG_WARN_DOCUMENTATION_COMMENTS = YES;
				CLANG_WARN_EMPTY_BODY = YES;
				CLANG_WARN_ENUM_CONVERSION = YES;
				CLANG_WARN_INFINITE_RECURSION = YES;
				CLANG_WARN_INT_CONVERSION = YES;
				CLANG_WARN_NON_LITERAL_NULL_CONVERSION = YES;
				CLANG_WARN_OBJC_IMPLICIT_RETAIN_SELF = YES;
				CLANG_WARN_OBJC_LITERAL_CONVERSION = YES;
				CLANG_WARN_OBJC_ROOT_CLASS = YES_ERROR;
				CLANG_WARN_QUOTED_INCLUDE_IN_FRAMEWORK_HEADER = YES;
				CLANG_WARN_RANGE_LOOP_ANALYSIS = YES;
				CLANG_WARN_STRICT_PROTOTYPES = YES;
				CLANG_WARN_SUSPICIOUS_MOVE = YES;
				CLANG_WARN_UNGUARDED_AVAILABILITY = YES_AGGRESSIVE;
				CLANG_WARN_UNREACHABLE_CODE = YES;
				CLANG_WARN__DUPLICATE_METHOD_MATCH = YES;
				COPY_PHASE_STRIP = NO;
				DEBUG_INFORMATION_FORMAT = "dwarf-with-dsym";
				ENABLE_NS_ASSERTIONS = NO;
				ENABLE_STRICT_OBJC_MSGSEND = YES;
				GCC_C_LANGUAGE_STANDARD = gnu11;
				GCC_NO_COMMON_BLOCKS = YES;
				GCC_WARN_64_TO_32_BIT_CONVERSION = YES;
				GCC_WARN_ABOUT_RETURN_TYPE = YES_ERROR;
				GCC_WARN_UNDECLARED_SELECTOR = YES;
				GCC_WARN_UNINITIALIZED_AUTOS = YES_AGGRESSIVE;
				GCC_WARN_UNUSED_FUNCTION = YES;
				GCC_WARN_UNUSED_VARIABLE = YES;
				IPHONEOS_DEPLOYMENT_TARGET = 14.4;
				MTL_ENABLE_DEBUG_INFO = NO;
				MTL_FAST_MATH = YES;
				SDKROOT = iphoneos;
				SWIFT_COMPILATION_MODE = wholemodule;
				SWIFT_OPTIMIZATION_LEVEL = "-O";
				VALIDATE_PRODUCT = YES;
			};
			name = Release;
		};
		4070042426B3115200F8ADAC /* Debug */ = {
			isa = XCBuildConfiguration;
			buildSettings = {
				ASSETCATALOG_COMPILER_APPICON_NAME = AppIcon;
				ASSETCATALOG_COMPILER_GLOBAL_ACCENT_COLOR_NAME = AccentColor;
				CODE_SIGN_STYLE = Automatic;
				DEVELOPMENT_ASSET_PATHS = "\"CitySightsApp/Preview Content\"";
				DEVELOPMENT_TEAM = Z66D5V4S92;
				ENABLE_PREVIEWS = YES;
				INFOPLIST_FILE = CitySightsApp/Info.plist;
				IPHONEOS_DEPLOYMENT_TARGET = 14.0;
				LD_RUNPATH_SEARCH_PATHS = (
					"$(inherited)",
					"@executable_path/Frameworks",
				);
				PRODUCT_BUNDLE_IDENTIFIER = com.BraydonWhitfield.CitySightsApp;
				PRODUCT_NAME = "$(TARGET_NAME)";
				SWIFT_VERSION = 5.0;
				TARGETED_DEVICE_FAMILY = "1,2";
			};
			name = Debug;
		};
		4070042526B3115200F8ADAC /* Release */ = {
			isa = XCBuildConfiguration;
			buildSettings = {
				ASSETCATALOG_COMPILER_APPICON_NAME = AppIcon;
				ASSETCATALOG_COMPILER_GLOBAL_ACCENT_COLOR_NAME = AccentColor;
				CODE_SIGN_STYLE = Automatic;
				DEVELOPMENT_ASSET_PATHS = "\"CitySightsApp/Preview Content\"";
				DEVELOPMENT_TEAM = Z66D5V4S92;
				ENABLE_PREVIEWS = YES;
				INFOPLIST_FILE = CitySightsApp/Info.plist;
				IPHONEOS_DEPLOYMENT_TARGET = 14.0;
				LD_RUNPATH_SEARCH_PATHS = (
					"$(inherited)",
					"@executable_path/Frameworks",
				);
				PRODUCT_BUNDLE_IDENTIFIER = com.BraydonWhitfield.CitySightsApp;
				PRODUCT_NAME = "$(TARGET_NAME)";
				SWIFT_VERSION = 5.0;
				TARGETED_DEVICE_FAMILY = "1,2";
			};
			name = Release;
		};
/* End XCBuildConfiguration section */

/* Begin XCConfigurationList section */
		4070040F26B3114500F8ADAC /* Build configuration list for PBXProject "CitySightsApp" */ = {
			isa = XCConfigurationList;
			buildConfigurations = (
				4070042126B3115200F8ADAC /* Debug */,
				4070042226B3115200F8ADAC /* Release */,
			);
			defaultConfigurationIsVisible = 0;
			defaultConfigurationName = Release;
		};
		4070042326B3115200F8ADAC /* Build configuration list for PBXNativeTarget "CitySightsApp" */ = {
			isa = XCConfigurationList;
			buildConfigurations = (
				4070042426B3115200F8ADAC /* Debug */,
				4070042526B3115200F8ADAC /* Release */,
			);
			defaultConfigurationIsVisible = 0;
			defaultConfigurationName = Release;
		};
/* End XCConfigurationList section */
	};
	rootObject = 4070040C26B3114500F8ADAC /* Project object */;
}
